
Microsoft Visual Studio Solution File, Format Version 12.00
# Visual Studio Version 17
VisualStudioVersion = 17.11.35327.3
MinimumVisualStudioVersion = 10.0.40219.1
Project("{FAE04EC0-301F-11D3-BF4B-00C04F79EFBC}") = "NUnitSeleniumTest", "NUnitSeleniumTest\NUnitSeleniumTest.csproj", "{94ACA288-28AC-45C1-9809-AEABA66E11EF}"
EndProject
Global
	GlobalSection(SolutionConfigurationPlatforms) = preSolution
		Debug|Any CPU = Debug|Any CPU
		Release|Any CPU = Release|Any CPU
	EndGlobalSection
	GlobalSection(ProjectConfigurationPlatforms) = postSolution
		{94ACA288-28AC-45C1-9809-AEABA66E11EF}.Debug|Any CPU.ActiveCfg = Debug|Any CPU
		{94ACA288-28AC-45C1-9809-AEABA66E11EF}.Debug|Any CPU.Build.0 = Debug|Any CPU
		{94ACA288-28AC-45C1-9809-AEABA66E11EF}.Release|Any CPU.ActiveCfg = Release|Any CPU
		{94ACA288-28AC-45C1-9809-AEABA66E11EF}.Release|Any CPU.Build.0 = Release|Any CPU
	EndGlobalSection
	GlobalSection(SolutionProperties) = preSolution
		HideSolutionNode = FALSE
	EndGlobalSection
	GlobalSection(ExtensibilityGlobals) = postSolution
		SolutionGuid = {EA2C93B9-D64C-46E3-A621-A2F9D2DA36A6}
	EndGlobalSection
EndGlobal
